// !$*UTF8*$!
{
	archiveVersion = 1;
	classes = {
	};
	objectVersion = 56;
	objects = {

/* Begin PBXBuildFile section */
		63361B56294C5EDC00D3AFF5 /* BootCampingApp.swift in Sources */ = {isa = PBXBuildFile; fileRef = 63361B55294C5EDC00D3AFF5 /* BootCampingApp.swift */; };
		63361B5D294C5EDD00D3AFF5 /* Preview Assets.xcassets in Resources */ = {isa = PBXBuildFile; fileRef = 63361B5C294C5EDD00D3AFF5 /* Preview Assets.xcassets */; };
		6E5D473C29503C6700D94F7E /* HomeView.swift in Sources */ = {isa = PBXBuildFile; fileRef = 6E5D473B29503C6700D94F7E /* HomeView.swift */; };
		6E5D473F29503D5000D94F7E /* TodaysCamping.swift in Sources */ = {isa = PBXBuildFile; fileRef = 6E5D473E29503D5000D94F7E /* TodaysCamping.swift */; };
		6E5D474129503D9A00D94F7E /* FollowersPhoto.swift in Sources */ = {isa = PBXBuildFile; fileRef = 6E5D474029503D9A00D94F7E /* FollowersPhoto.swift */; };
		6E5D474329503F5100D94F7E /* FollowListView.swift in Sources */ = {isa = PBXBuildFile; fileRef = 6E5D474229503F5100D94F7E /* FollowListView.swift */; };
		6E5D47452950451A00D94F7E /* Assets.xcassets in Resources */ = {isa = PBXBuildFile; fileRef = 6E5D47442950451A00D94F7E /* Assets.xcassets */; };
		6E5D4763295074C500D94F7E /* FollowerPhotoList.swift in Sources */ = {isa = PBXBuildFile; fileRef = 6E5D4762295074C500D94F7E /* FollowerPhotoList.swift */; };
		6EA407D2295148090050F3E2 /* ArticleDetailView.swift in Sources */ = {isa = PBXBuildFile; fileRef = 6EA407D1295148090050F3E2 /* ArticleDetailView.swift */; };
		6EA407D729517E320050F3E2 /* MyCampingView.swift in Sources */ = {isa = PBXBuildFile; fileRef = 6EA407D629517E320050F3E2 /* MyCampingView.swift */; };
		6EA407D929517E540050F3E2 /* WriteView.swift in Sources */ = {isa = PBXBuildFile; fileRef = 6EA407D829517E540050F3E2 /* WriteView.swift */; };
		6EA407DC2951A4B50050F3E2 /* EmptyPostView.swift in Sources */ = {isa = PBXBuildFile; fileRef = 6EA407DB2951A4B50050F3E2 /* EmptyPostView.swift */; };
		6EA407DE2951ACA90050F3E2 /* EmptyFavoriteView.swift in Sources */ = {isa = PBXBuildFile; fileRef = 6EA407DD2951ACA90050F3E2 /* EmptyFavoriteView.swift */; };
/* End PBXBuildFile section */

/* Begin PBXFileReference section */
		63361B52294C5EDC00D3AFF5 /* BootCamping.app */ = {isa = PBXFileReference; explicitFileType = wrapper.application; includeInIndex = 0; path = BootCamping.app; sourceTree = BUILT_PRODUCTS_DIR; };
		63361B55294C5EDC00D3AFF5 /* BootCampingApp.swift */ = {isa = PBXFileReference; lastKnownFileType = sourcecode.swift; path = BootCampingApp.swift; sourceTree = "<group>"; };
		63361B5C294C5EDD00D3AFF5 /* Preview Assets.xcassets */ = {isa = PBXFileReference; lastKnownFileType = folder.assetcatalog; path = "Preview Assets.xcassets"; sourceTree = "<group>"; };
		6E5D473B29503C6700D94F7E /* HomeView.swift */ = {isa = PBXFileReference; lastKnownFileType = sourcecode.swift; path = HomeView.swift; sourceTree = "<group>"; };
		6E5D473E29503D5000D94F7E /* TodaysCamping.swift */ = {isa = PBXFileReference; fileEncoding = 4; lastKnownFileType = sourcecode.swift; path = TodaysCamping.swift; sourceTree = "<group>"; };
		6E5D474029503D9A00D94F7E /* FollowersPhoto.swift */ = {isa = PBXFileReference; lastKnownFileType = sourcecode.swift; path = FollowersPhoto.swift; sourceTree = "<group>"; };
		6E5D474229503F5100D94F7E /* FollowListView.swift */ = {isa = PBXFileReference; lastKnownFileType = sourcecode.swift; path = FollowListView.swift; sourceTree = "<group>"; };
		6E5D47442950451A00D94F7E /* Assets.xcassets */ = {isa = PBXFileReference; lastKnownFileType = folder.assetcatalog; name = Assets.xcassets; path = "../../../../prototype-20221128-lab06/BootCamping/BootCamping/Assets.xcassets"; sourceTree = "<group>"; };
		6E5D4762295074C500D94F7E /* FollowerPhotoList.swift */ = {isa = PBXFileReference; lastKnownFileType = sourcecode.swift; path = FollowerPhotoList.swift; sourceTree = "<group>"; };
		6EA407D1295148090050F3E2 /* ArticleDetailView.swift */ = {isa = PBXFileReference; lastKnownFileType = sourcecode.swift; path = ArticleDetailView.swift; sourceTree = "<group>"; };
		6EA407D629517E320050F3E2 /* MyCampingView.swift */ = {isa = PBXFileReference; lastKnownFileType = sourcecode.swift; path = MyCampingView.swift; sourceTree = "<group>"; };
		6EA407D829517E540050F3E2 /* WriteView.swift */ = {isa = PBXFileReference; lastKnownFileType = sourcecode.swift; path = WriteView.swift; sourceTree = "<group>"; };
		6EA407DA295197660050F3E2 /* Assets.xcassets */ = {isa = PBXFileReference; lastKnownFileType = folder.assetcatalog; path = Assets.xcassets; sourceTree = "<group>"; };
		6EA407DB2951A4B50050F3E2 /* EmptyPostView.swift */ = {isa = PBXFileReference; lastKnownFileType = sourcecode.swift; path = EmptyPostView.swift; sourceTree = "<group>"; };
		6EA407DD2951ACA90050F3E2 /* EmptyFavoriteView.swift */ = {isa = PBXFileReference; lastKnownFileType = sourcecode.swift; path = EmptyFavoriteView.swift; sourceTree = "<group>"; };
/* End PBXFileReference section */

/* Begin PBXFrameworksBuildPhase section */
		63361B4F294C5EDC00D3AFF5 /* Frameworks */ = {
			isa = PBXFrameworksBuildPhase;
			buildActionMask = 2147483647;
			files = (
			);
			runOnlyForDeploymentPostprocessing = 0;
		};
/* End PBXFrameworksBuildPhase section */

/* Begin PBXGroup section */
		63361B49294C5EDC00D3AFF5 = {
			isa = PBXGroup;
			children = (
				63361B54294C5EDC00D3AFF5 /* BootCamping */,
				63361B53294C5EDC00D3AFF5 /* Products */,
			);
			sourceTree = "<group>";
		};
		63361B53294C5EDC00D3AFF5 /* Products */ = {
			isa = PBXGroup;
			children = (
				63361B52294C5EDC00D3AFF5 /* BootCamping.app */,
			);
			name = Products;
			sourceTree = "<group>";
		};
		63361B54294C5EDC00D3AFF5 /* BootCamping */ = {
			isa = PBXGroup;
			children = (
				63361B55294C5EDC00D3AFF5 /* BootCampingApp.swift */,
				63361B63294C5EE900D3AFF5 /* Views */,
				6E5D473D29503D1800D94F7E /* Home */,
				6EA407D529517B5B0050F3E2 /* MyCamping */,
				63361B5B294C5EDD00D3AFF5 /* Preview Content */,
			);
			path = BootCamping;
			sourceTree = "<group>";
		};
		63361B5B294C5EDD00D3AFF5 /* Preview Content */ = {
			isa = PBXGroup;
			children = (
				6EA407DA295197660050F3E2 /* Assets.xcassets */,
				63361B5C294C5EDD00D3AFF5 /* Preview Assets.xcassets */,
			);
			path = "Preview Content";
			sourceTree = "<group>";
		};
		63361B63294C5EE900D3AFF5 /* Views */ = {
			isa = PBXGroup;
			children = (
			);
			path = Views;
			sourceTree = "<group>";
		};
		6E5D473D29503D1800D94F7E /* Home */ = {
			isa = PBXGroup;
			children = (
				6E5D473B29503C6700D94F7E /* HomeView.swift */,
				6E5D473E29503D5000D94F7E /* TodaysCamping.swift */,
				6E5D474029503D9A00D94F7E /* FollowersPhoto.swift */,
				6E5D4762295074C500D94F7E /* FollowerPhotoList.swift */,
				6E5D474229503F5100D94F7E /* FollowListView.swift */,
				6EA407D1295148090050F3E2 /* ArticleDetailView.swift */,
				6E5D47442950451A00D94F7E /* Assets.xcassets */,
			);
			path = Home;
			sourceTree = "<group>";
		};
		6EA407D529517B5B0050F3E2 /* MyCamping */ = {
			isa = PBXGroup;
			children = (
				6EA407D629517E320050F3E2 /* MyCampingView.swift */,
				6EA407DB2951A4B50050F3E2 /* EmptyPostView.swift */,
				6EA407DD2951ACA90050F3E2 /* EmptyFavoriteView.swift */,
				6EA407D829517E540050F3E2 /* WriteView.swift */,
			);
			path = MyCamping;
			sourceTree = "<group>";
		};
/* End PBXGroup section */

/* Begin PBXNativeTarget section */
		63361B51294C5EDC00D3AFF5 /* BootCamping */ = {
			isa = PBXNativeTarget;
			buildConfigurationList = 63361B60294C5EDD00D3AFF5 /* Build configuration list for PBXNativeTarget "BootCamping" */;
			buildPhases = (
				63361B4E294C5EDC00D3AFF5 /* Sources */,
				63361B4F294C5EDC00D3AFF5 /* Frameworks */,
				63361B50294C5EDC00D3AFF5 /* Resources */,
			);
			buildRules = (
			);
			dependencies = (
			);
			name = BootCamping;
			productName = BootCamping;
			productReference = 63361B52294C5EDC00D3AFF5 /* BootCamping.app */;
			productType = "com.apple.product-type.application";
		};
/* End PBXNativeTarget section */

/* Begin PBXProject section */
		63361B4A294C5EDC00D3AFF5 /* Project object */ = {
			isa = PBXProject;
			attributes = {
				BuildIndependentTargetsInParallel = 1;
				LastSwiftUpdateCheck = 1420;
				LastUpgradeCheck = 1420;
				TargetAttributes = {
					63361B51294C5EDC00D3AFF5 = {
						CreatedOnToolsVersion = 14.2;
					};
				};
			};
			buildConfigurationList = 63361B4D294C5EDC00D3AFF5 /* Build configuration list for PBXProject "BootCamping" */;
			compatibilityVersion = "Xcode 14.0";
			developmentRegion = en;
			hasScannedForEncodings = 0;
			knownRegions = (
				en,
				Base,
			);
			mainGroup = 63361B49294C5EDC00D3AFF5;
			productRefGroup = 63361B53294C5EDC00D3AFF5 /* Products */;
			projectDirPath = "";
			projectRoot = "";
			targets = (
				63361B51294C5EDC00D3AFF5 /* BootCamping */,
			);
		};
/* End PBXProject section */

/* Begin PBXResourcesBuildPhase section */
		63361B50294C5EDC00D3AFF5 /* Resources */ = {
			isa = PBXResourcesBuildPhase;
			buildActionMask = 2147483647;
			files = (
				63361B5D294C5EDD00D3AFF5 /* Preview Assets.xcassets in Resources */,
				6E5D47452950451A00D94F7E /* Assets.xcassets in Resources */,
			);
			runOnlyForDeploymentPostprocessing = 0;
		};
/* End PBXResourcesBuildPhase section */

/* Begin PBXSourcesBuildPhase section */
		63361B4E294C5EDC00D3AFF5 /* Sources */ = {
			isa = PBXSourcesBuildPhase;
			buildActionMask = 2147483647;
			files = (
				6E5D474129503D9A00D94F7E /* FollowersPhoto.swift in Sources */,
				6E5D473C29503C6700D94F7E /* HomeView.swift in Sources */,
				6EA407DE2951ACA90050F3E2 /* EmptyFavoriteView.swift in Sources */,
				6EA407DC2951A4B50050F3E2 /* EmptyPostView.swift in Sources */,
				6EA407D929517E540050F3E2 /* WriteView.swift in Sources */,
				63361B56294C5EDC00D3AFF5 /* BootCampingApp.swift in Sources */,
				6EA407D2295148090050F3E2 /* ArticleDetailView.swift in Sources */,
				6E5D473F29503D5000D94F7E /* TodaysCamping.swift in Sources */,
				6E5D4763295074C500D94F7E /* FollowerPhotoList.swift in Sources */,
				6EA407D729517E320050F3E2 /* MyCampingView.swift in Sources */,
				6E5D474329503F5100D94F7E /* FollowListView.swift in Sources */,
			);
			runOnlyForDeploymentPostprocessing = 0;
		};
/* End PBXSourcesBuildPhase section */

/* Begin XCBuildConfiguration section */
		63361B5E294C5EDD00D3AFF5 /* Debug */ = {
			isa = XCBuildConfiguration;
			buildSettings = {
				ALWAYS_SEARCH_USER_PATHS = NO;
				CLANG_ANALYZER_NONNULL = YES;
				CLANG_ANALYZER_NUMBER_OBJECT_CONVERSION = YES_AGGRESSIVE;
				CLANG_CXX_LANGUAGE_STANDARD = "gnu++20";
				CLANG_ENABLE_MODULES = YES;
				CLANG_ENABLE_OBJC_ARC = YES;
				CLANG_ENABLE_OBJC_WEAK = YES;
				CLANG_WARN_BLOCK_CAPTURE_AUTORELEASING = YES;
				CLANG_WARN_BOOL_CONVERSION = YES;
				CLANG_WARN_COMMA = YES;
				CLANG_WARN_CONSTANT_CONVERSION = YES;
				CLANG_WARN_DEPRECATED_OBJC_IMPLEMENTATIONS = YES;
				CLANG_WARN_DIRECT_OBJC_ISA_USAGE = YES_ERROR;
				CLANG_WARN_DOCUMENTATION_COMMENTS = YES;
				CLANG_WARN_EMPTY_BODY = YES;
				CLANG_WARN_ENUM_CONVERSION = YES;
				CLANG_WARN_INFINITE_RECURSION = YES;
				CLANG_WARN_INT_CONVERSION = YES;
				CLANG_WARN_NON_LITERAL_NULL_CONVERSION = YES;
				CLANG_WARN_OBJC_IMPLICIT_RETAIN_SELF = YES;
				CLANG_WARN_OBJC_LITERAL_CONVERSION = YES;
				CLANG_WARN_OBJC_ROOT_CLASS = YES_ERROR;
				CLANG_WARN_QUOTED_INCLUDE_IN_FRAMEWORK_HEADER = YES;
				CLANG_WARN_RANGE_LOOP_ANALYSIS = YES;
				CLANG_WARN_STRICT_PROTOTYPES = YES;
				CLANG_WARN_SUSPICIOUS_MOVE = YES;
				CLANG_WARN_UNGUARDED_AVAILABILITY = YES_AGGRESSIVE;
				CLANG_WARN_UNREACHABLE_CODE = YES;
				CLANG_WARN__DUPLICATE_METHOD_MATCH = YES;
				COPY_PHASE_STRIP = NO;
				DEBUG_INFORMATION_FORMAT = dwarf;
				ENABLE_STRICT_OBJC_MSGSEND = YES;
				ENABLE_TESTABILITY = YES;
				GCC_C_LANGUAGE_STANDARD = gnu11;
				GCC_DYNAMIC_NO_PIC = NO;
				GCC_NO_COMMON_BLOCKS = YES;
				GCC_OPTIMIZATION_LEVEL = 0;
				GCC_PREPROCESSOR_DEFINITIONS = (
					"DEBUG=1",
					"$(inherited)",
				);
				GCC_WARN_64_TO_32_BIT_CONVERSION = YES;
				GCC_WARN_ABOUT_RETURN_TYPE = YES_ERROR;
				GCC_WARN_UNDECLARED_SELECTOR = YES;
				GCC_WARN_UNINITIALIZED_AUTOS = YES_AGGRESSIVE;
				GCC_WARN_UNUSED_FUNCTION = YES;
				GCC_WARN_UNUSED_VARIABLE = YES;
				IPHONEOS_DEPLOYMENT_TARGET = 16.2;
				MTL_ENABLE_DEBUG_INFO = INCLUDE_SOURCE;
				MTL_FAST_MATH = YES;
				ONLY_ACTIVE_ARCH = YES;
				SDKROOT = iphoneos;
				SWIFT_ACTIVE_COMPILATION_CONDITIONS = DEBUG;
				SWIFT_OPTIMIZATION_LEVEL = "-Onone";
			};
			name = Debug;
		};
		63361B5F294C5EDD00D3AFF5 /* Release */ = {
			isa = XCBuildConfiguration;
			buildSettings = {
				ALWAYS_SEARCH_USER_PATHS = NO;
				CLANG_ANALYZER_NONNULL = YES;
				CLANG_ANALYZER_NUMBER_OBJECT_CONVERSION = YES_AGGRESSIVE;
				CLANG_CXX_LANGUAGE_STANDARD = "gnu++20";
				CLANG_ENABLE_MODULES = YES;
				CLANG_ENABLE_OBJC_ARC = YES;
				CLANG_ENABLE_OBJC_WEAK = YES;
				CLANG_WARN_BLOCK_CAPTURE_AUTORELEASING = YES;
				CLANG_WARN_BOOL_CONVERSION = YES;
				CLANG_WARN_COMMA = YES;
				CLANG_WARN_CONSTANT_CONVERSION = YES;
				CLANG_WARN_DEPRECATED_OBJC_IMPLEMENTATIONS = YES;
				CLANG_WARN_DIRECT_OBJC_ISA_USAGE = YES_ERROR;
				CLANG_WARN_DOCUMENTATION_COMMENTS = YES;
				CLANG_WARN_EMPTY_BODY = YES;
				CLANG_WARN_ENUM_CONVERSION = YES;
				CLANG_WARN_INFINITE_RECURSION = YES;
				CLANG_WARN_INT_CONVERSION = YES;
				CLANG_WARN_NON_LITERAL_NULL_CONVERSION = YES;
				CLANG_WARN_OBJC_IMPLICIT_RETAIN_SELF = YES;
				CLANG_WARN_OBJC_LITERAL_CONVERSION = YES;
				CLANG_WARN_OBJC_ROOT_CLASS = YES_ERROR;
				CLANG_WARN_QUOTED_INCLUDE_IN_FRAMEWORK_HEADER = YES;
				CLANG_WARN_RANGE_LOOP_ANALYSIS = YES;
				CLANG_WARN_STRICT_PROTOTYPES = YES;
				CLANG_WARN_SUSPICIOUS_MOVE = YES;
				CLANG_WARN_UNGUARDED_AVAILABILITY = YES_AGGRESSIVE;
				CLANG_WARN_UNREACHABLE_CODE = YES;
				CLANG_WARN__DUPLICATE_METHOD_MATCH = YES;
				COPY_PHASE_STRIP = NO;
				DEBUG_INFORMATION_FORMAT = "dwarf-with-dsym";
				ENABLE_NS_ASSERTIONS = NO;
				ENABLE_STRICT_OBJC_MSGSEND = YES;
				GCC_C_LANGUAGE_STANDARD = gnu11;
				GCC_NO_COMMON_BLOCKS = YES;
				GCC_WARN_64_TO_32_BIT_CONVERSION = YES;
				GCC_WARN_ABOUT_RETURN_TYPE = YES_ERROR;
				GCC_WARN_UNDECLARED_SELECTOR = YES;
				GCC_WARN_UNINITIALIZED_AUTOS = YES_AGGRESSIVE;
				GCC_WARN_UNUSED_FUNCTION = YES;
				GCC_WARN_UNUSED_VARIABLE = YES;
				IPHONEOS_DEPLOYMENT_TARGET = 16.2;
				MTL_ENABLE_DEBUG_INFO = NO;
				MTL_FAST_MATH = YES;
				SDKROOT = iphoneos;
				SWIFT_COMPILATION_MODE = wholemodule;
				SWIFT_OPTIMIZATION_LEVEL = "-O";
				VALIDATE_PRODUCT = YES;
			};
			name = Release;
		};
		63361B61294C5EDD00D3AFF5 /* Debug */ = {
			isa = XCBuildConfiguration;
			buildSettings = {
				ASSETCATALOG_COMPILER_APPICON_NAME = AppIcon;
				ASSETCATALOG_COMPILER_GLOBAL_ACCENT_COLOR_NAME = AccentColor;
				CODE_SIGN_STYLE = Automatic;
				CURRENT_PROJECT_VERSION = 1;
				DEVELOPMENT_ASSET_PATHS = "\"BootCamping/Preview Content\"";
				DEVELOPMENT_TEAM = QJ9LBR5S7P;
				ENABLE_PREVIEWS = YES;
				GENERATE_INFOPLIST_FILE = YES;
				INFOPLIST_KEY_UIApplicationSceneManifest_Generation = YES;
				INFOPLIST_KEY_UIApplicationSupportsIndirectInputEvents = YES;
				INFOPLIST_KEY_UILaunchScreen_Generation = YES;
				INFOPLIST_KEY_UISupportedInterfaceOrientations_iPad = "UIInterfaceOrientationPortrait UIInterfaceOrientationPortraitUpsideDown UIInterfaceOrientationLandscapeLeft UIInterfaceOrientationLandscapeRight";
				INFOPLIST_KEY_UISupportedInterfaceOrientations_iPhone = "UIInterfaceOrientationPortrait UIInterfaceOrientationLandscapeLeft UIInterfaceOrientationLandscapeRight";
				LD_RUNPATH_SEARCH_PATHS = (
					"$(inherited)",
					"@executable_path/Frameworks",
				);
				MARKETING_VERSION = 1.0;
				PRODUCT_BUNDLE_IDENTIFIER = com.likelion.BootCamping;
				PRODUCT_NAME = "$(TARGET_NAME)";
				SWIFT_EMIT_LOC_STRINGS = YES;
				SWIFT_VERSION = 5.0;
				TARGETED_DEVICE_FAMILY = "1,2";
			};
			name = Debug;
		};
		63361B62294C5EDD00D3AFF5 /* Release */ = {
			isa = XCBuildConfiguration;
			buildSettings = {
				ASSETCATALOG_COMPILER_APPICON_NAME = AppIcon;
				ASSETCATALOG_COMPILER_GLOBAL_ACCENT_COLOR_NAME = AccentColor;
				CODE_SIGN_STYLE = Automatic;
				CURRENT_PROJECT_VERSION = 1;
				DEVELOPMENT_ASSET_PATHS = "\"BootCamping/Preview Content\"";
				DEVELOPMENT_TEAM = QJ9LBR5S7P;
				ENABLE_PREVIEWS = YES;
				GENERATE_INFOPLIST_FILE = YES;
				INFOPLIST_KEY_UIApplicationSceneManifest_Generation = YES;
				INFOPLIST_KEY_UIApplicationSupportsIndirectInputEvents = YES;
				INFOPLIST_KEY_UILaunchScreen_Generation = YES;
				INFOPLIST_KEY_UISupportedInterfaceOrientations_iPad = "UIInterfaceOrientationPortrait UIInterfaceOrientationPortraitUpsideDown UIInterfaceOrientationLandscapeLeft UIInterfaceOrientationLandscapeRight";
				INFOPLIST_KEY_UISupportedInterfaceOrientations_iPhone = "UIInterfaceOrientationPortrait UIInterfaceOrientationLandscapeLeft UIInterfaceOrientationLandscapeRight";
				LD_RUNPATH_SEARCH_PATHS = (
					"$(inherited)",
					"@executable_path/Frameworks",
				);
				MARKETING_VERSION = 1.0;
				PRODUCT_BUNDLE_IDENTIFIER = com.likelion.BootCamping;
				PRODUCT_NAME = "$(TARGET_NAME)";
				SWIFT_EMIT_LOC_STRINGS = YES;
				SWIFT_VERSION = 5.0;
				TARGETED_DEVICE_FAMILY = "1,2";
			};
			name = Release;
		};
/* End XCBuildConfiguration section */

/* Begin XCConfigurationList section */
		63361B4D294C5EDC00D3AFF5 /* Build configuration list for PBXProject "BootCamping" */ = {
			isa = XCConfigurationList;
			buildConfigurations = (
				63361B5E294C5EDD00D3AFF5 /* Debug */,
				63361B5F294C5EDD00D3AFF5 /* Release */,
			);
			defaultConfigurationIsVisible = 0;
			defaultConfigurationName = Release;
		};
		63361B60294C5EDD00D3AFF5 /* Build configuration list for PBXNativeTarget "BootCamping" */ = {
			isa = XCConfigurationList;
			buildConfigurations = (
				63361B61294C5EDD00D3AFF5 /* Debug */,
				63361B62294C5EDD00D3AFF5 /* Release */,
			);
			defaultConfigurationIsVisible = 0;
			defaultConfigurationName = Release;
		};
/* End XCConfigurationList section */
	};
	rootObject = 63361B4A294C5EDC00D3AFF5 /* Project object */;
}
